// !$*UTF8*$!
{
	archiveVersion = 1;
	classes = {
	};
	objectVersion = 56;
	objects = {

/* Begin PBXBuildFile section */
		763E04972ADAF25500045F3F /* Assets.xcassets in Resources */ = {isa = PBXBuildFile; fileRef = E1BB1A6C24CF31FC0031E36C /* Assets.xcassets */; };
		7685DB0B2ADAD9A4005A5532 /* RatingsView.swift in Sources */ = {isa = PBXBuildFile; fileRef = 7685DB0A2ADAD9A4005A5532 /* RatingsView.swift */; };
		7685DB0D2ADADA5B005A5532 /* RatingsDetailsView.swift in Sources */ = {isa = PBXBuildFile; fileRef = 7685DB0C2ADADA5B005A5532 /* RatingsDetailsView.swift */; };
		76A9D4792ADB249C00D07978 /* ZoomView.swift in Sources */ = {isa = PBXBuildFile; fileRef = 76A9D4782ADB249C00D07978 /* ZoomView.swift */; };
		E1BB1A6924CF31FB0031E36C /* HuliPizzaMenuApp.swift in Sources */ = {isa = PBXBuildFile; fileRef = E1BB1A6824CF31FB0031E36C /* HuliPizzaMenuApp.swift */; };
		E1BB1A6B24CF31FB0031E36C /* ContentView.swift in Sources */ = {isa = PBXBuildFile; fileRef = E1BB1A6A24CF31FB0031E36C /* ContentView.swift */; };
		E1BB1A6D24CF31FC0031E36C /* Assets.xcassets in Resources */ = {isa = PBXBuildFile; fileRef = E1BB1A6C24CF31FC0031E36C /* Assets.xcassets */; };
		E1BB1A7024CF31FC0031E36C /* Preview Assets.xcassets in Resources */ = {isa = PBXBuildFile; fileRef = E1BB1A6F24CF31FC0031E36C /* Preview Assets.xcassets */; };
		E1BB1A7B24CF322A0031E36C /* MenuModel.swift in Sources */ = {isa = PBXBuildFile; fileRef = E1BB1A7824CF322A0031E36C /* MenuModel.swift */; };
		F96728952AB06CD50080B421 /* MenuModel.swift in Sources */ = {isa = PBXBuildFile; fileRef = F96728922AB06CD50080B421 /* MenuModel.swift */; };
		F967289B2AB073CA0080B421 /* PizzaDetailView.swift in Sources */ = {isa = PBXBuildFile; fileRef = F967289A2AB073CA0080B421 /* PizzaDetailView.swift */; };
		F967289E2AB0746F0080B421 /* PizzaOrderView.swift in Sources */ = {isa = PBXBuildFile; fileRef = F967289C2AB0746F0080B421 /* PizzaOrderView.swift */; };
		F967289F2AB0746F0080B421 /* RowView.swift in Sources */ = {isa = PBXBuildFile; fileRef = F967289D2AB0746F0080B421 /* RowView.swift */; };
		F96728A42AB0747A0080B421 /* PizzaOrderView.swift in Sources */ = {isa = PBXBuildFile; fileRef = F96728A12AB0747A0080B421 /* PizzaOrderView.swift */; };
		F96728A52AB0747A0080B421 /* RowView.swift in Sources */ = {isa = PBXBuildFile; fileRef = F96728A22AB0747A0080B421 /* RowView.swift */; };
		F9AC5B542AB0659E00D36D95 /* HuliPizzaApp.swift in Sources */ = {isa = PBXBuildFile; fileRef = F9AC5B532AB0659E00D36D95 /* HuliPizzaApp.swift */; };
		F9AC5B562AB0659E00D36D95 /* ContentView.swift in Sources */ = {isa = PBXBuildFile; fileRef = F9AC5B552AB0659E00D36D95 /* ContentView.swift */; };
		F9AC5B582AB065A000D36D95 /* Assets.xcassets in Resources */ = {isa = PBXBuildFile; fileRef = F9AC5B572AB065A000D36D95 /* Assets.xcassets */; };
		F9AC5B5B2AB065A000D36D95 /* Preview Assets.xcassets in Resources */ = {isa = PBXBuildFile; fileRef = F9AC5B5A2AB065A000D36D95 /* Preview Assets.xcassets */; };
		F9AC5B5E2AB065A000D36D95 /* HuliPizza Watch App.app in Embed Watch Content */ = {isa = PBXBuildFile; fileRef = F9AC5B512AB0659E00D36D95 /* HuliPizza Watch App.app */; settings = {ATTRIBUTES = (RemoveHeadersOnCopy, ); }; };
/* End PBXBuildFile section */

/* Begin PBXContainerItemProxy section */
		F9AC5B5C2AB065A000D36D95 /* PBXContainerItemProxy */ = {
			isa = PBXContainerItemProxy;
			containerPortal = E1BB1A5D24CF31FB0031E36C /* Project object */;
			proxyType = 1;
			remoteGlobalIDString = F9AC5B502AB0659E00D36D95;
			remoteInfo = "HuliPizza Watch App";
		};
/* End PBXContainerItemProxy section */

/* Begin PBXCopyFilesBuildPhase section */
		F9AC5B5F2AB065A000D36D95 /* Embed Watch Content */ = {
			isa = PBXCopyFilesBuildPhase;
			buildActionMask = 2147483647;
			dstPath = "$(CONTENTS_FOLDER_PATH)/Watch";
			dstSubfolderSpec = 16;
			files = (
				F9AC5B5E2AB065A000D36D95 /* HuliPizza Watch App.app in Embed Watch Content */,
			);
			name = "Embed Watch Content";
			runOnlyForDeploymentPostprocessing = 0;
		};
/* End PBXCopyFilesBuildPhase section */

/* Begin PBXFileReference section */
		7685DB0A2ADAD9A4005A5532 /* RatingsView.swift */ = {isa = PBXFileReference; lastKnownFileType = sourcecode.swift; path = RatingsView.swift; sourceTree = "<group>"; };
		7685DB0C2ADADA5B005A5532 /* RatingsDetailsView.swift */ = {isa = PBXFileReference; lastKnownFileType = sourcecode.swift; path = RatingsDetailsView.swift; sourceTree = "<group>"; };
		76A9D4782ADB249C00D07978 /* ZoomView.swift */ = {isa = PBXFileReference; lastKnownFileType = sourcecode.swift; path = ZoomView.swift; sourceTree = "<group>"; };
		E1BB1A6524CF31FB0031E36C /* HuliPizzaMenu.app */ = {isa = PBXFileReference; explicitFileType = wrapper.application; includeInIndex = 0; path = HuliPizzaMenu.app; sourceTree = BUILT_PRODUCTS_DIR; };
		E1BB1A6824CF31FB0031E36C /* HuliPizzaMenuApp.swift */ = {isa = PBXFileReference; lastKnownFileType = sourcecode.swift; path = HuliPizzaMenuApp.swift; sourceTree = "<group>"; };
		E1BB1A6A24CF31FB0031E36C /* ContentView.swift */ = {isa = PBXFileReference; lastKnownFileType = sourcecode.swift; path = ContentView.swift; sourceTree = "<group>"; };
		E1BB1A6C24CF31FC0031E36C /* Assets.xcassets */ = {isa = PBXFileReference; lastKnownFileType = folder.assetcatalog; path = Assets.xcassets; sourceTree = "<group>"; };
		E1BB1A6F24CF31FC0031E36C /* Preview Assets.xcassets */ = {isa = PBXFileReference; lastKnownFileType = folder.assetcatalog; path = "Preview Assets.xcassets"; sourceTree = "<group>"; };
		E1BB1A7124CF31FC0031E36C /* Info.plist */ = {isa = PBXFileReference; lastKnownFileType = text.plist.xml; path = Info.plist; sourceTree = "<group>"; };
		E1BB1A7824CF322A0031E36C /* MenuModel.swift */ = {isa = PBXFileReference; fileEncoding = 4; lastKnownFileType = sourcecode.swift; path = MenuModel.swift; sourceTree = "<group>"; };
		F96728922AB06CD50080B421 /* MenuModel.swift */ = {isa = PBXFileReference; fileEncoding = 4; lastKnownFileType = sourcecode.swift; name = MenuModel.swift; path = HuliPizzaMenu/MenuModel.swift; sourceTree = SOURCE_ROOT; };
		F967289A2AB073CA0080B421 /* PizzaDetailView.swift */ = {isa = PBXFileReference; lastKnownFileType = sourcecode.swift; path = PizzaDetailView.swift; sourceTree = "<group>"; };
		F967289C2AB0746F0080B421 /* PizzaOrderView.swift */ = {isa = PBXFileReference; fileEncoding = 4; lastKnownFileType = sourcecode.swift; path = PizzaOrderView.swift; sourceTree = "<group>"; };
		F967289D2AB0746F0080B421 /* RowView.swift */ = {isa = PBXFileReference; fileEncoding = 4; lastKnownFileType = sourcecode.swift; path = RowView.swift; sourceTree = "<group>"; };
		F96728A12AB0747A0080B421 /* PizzaOrderView.swift */ = {isa = PBXFileReference; fileEncoding = 4; lastKnownFileType = sourcecode.swift; path = PizzaOrderView.swift; sourceTree = "<group>"; };
		F96728A22AB0747A0080B421 /* RowView.swift */ = {isa = PBXFileReference; fileEncoding = 4; lastKnownFileType = sourcecode.swift; path = RowView.swift; sourceTree = "<group>"; };
		F9AC5B512AB0659E00D36D95 /* HuliPizza Watch App.app */ = {isa = PBXFileReference; explicitFileType = wrapper.application; includeInIndex = 0; path = "HuliPizza Watch App.app"; sourceTree = BUILT_PRODUCTS_DIR; };
		F9AC5B532AB0659E00D36D95 /* HuliPizzaApp.swift */ = {isa = PBXFileReference; lastKnownFileType = sourcecode.swift; path = HuliPizzaApp.swift; sourceTree = "<group>"; };
		F9AC5B552AB0659E00D36D95 /* ContentView.swift */ = {isa = PBXFileReference; lastKnownFileType = sourcecode.swift; path = ContentView.swift; sourceTree = "<group>"; };
		F9AC5B572AB065A000D36D95 /* Assets.xcassets */ = {isa = PBXFileReference; lastKnownFileType = folder.assetcatalog; path = Assets.xcassets; sourceTree = "<group>"; };
		F9AC5B5A2AB065A000D36D95 /* Preview Assets.xcassets */ = {isa = PBXFileReference; lastKnownFileType = folder.assetcatalog; path = "Preview Assets.xcassets"; sourceTree = "<group>"; };
/* End PBXFileReference section */

/* Begin PBXFrameworksBuildPhase section */
		E1BB1A6224CF31FB0031E36C /* Frameworks */ = {
			isa = PBXFrameworksBuildPhase;
			buildActionMask = 2147483647;
			files = (
			);
			runOnlyForDeploymentPostprocessing = 0;
		};
		F9AC5B4E2AB0659E00D36D95 /* Frameworks */ = {
			isa = PBXFrameworksBuildPhase;
			buildActionMask = 2147483647;
			files = (
			);
			runOnlyForDeploymentPostprocessing = 0;
		};
/* End PBXFrameworksBuildPhase section */

/* Begin PBXGroup section */
		E1BB1A5C24CF31FB0031E36C = {
			isa = PBXGroup;
			children = (
				E1BB1A6724CF31FB0031E36C /* HuliPizzaMenu */,
				F9AC5B522AB0659E00D36D95 /* HuliPizza Watch App */,
				E1BB1A6624CF31FB0031E36C /* Products */,
			);
			sourceTree = "<group>";
		};
		E1BB1A6624CF31FB0031E36C /* Products */ = {
			isa = PBXGroup;
			children = (
				E1BB1A6524CF31FB0031E36C /* HuliPizzaMenu.app */,
				F9AC5B512AB0659E00D36D95 /* HuliPizza Watch App.app */,
			);
			name = Products;
			sourceTree = "<group>";
		};
		E1BB1A6724CF31FB0031E36C /* HuliPizzaMenu */ = {
			isa = PBXGroup;
			children = (
				E1BB1A6824CF31FB0031E36C /* HuliPizzaMenuApp.swift */,
				F967289C2AB0746F0080B421 /* PizzaOrderView.swift */,
				F967289D2AB0746F0080B421 /* RowView.swift */,
				E1BB1A6A24CF31FB0031E36C /* ContentView.swift */,
				E1BB1A7824CF322A0031E36C /* MenuModel.swift */,
				E1BB1A6C24CF31FC0031E36C /* Assets.xcassets */,
				E1BB1A7124CF31FC0031E36C /* Info.plist */,
				E1BB1A6E24CF31FC0031E36C /* Preview Content */,
			);
			path = HuliPizzaMenu;
			sourceTree = "<group>";
		};
		E1BB1A6E24CF31FC0031E36C /* Preview Content */ = {
			isa = PBXGroup;
			children = (
				E1BB1A6F24CF31FC0031E36C /* Preview Assets.xcassets */,
			);
			path = "Preview Content";
			sourceTree = "<group>";
		};
		F9AC5B522AB0659E00D36D95 /* HuliPizza Watch App */ = {
			isa = PBXGroup;
			children = (
				F9AC5B532AB0659E00D36D95 /* HuliPizzaApp.swift */,
				F9AC5B552AB0659E00D36D95 /* ContentView.swift */,
				F96728A12AB0747A0080B421 /* PizzaOrderView.swift */,
				F96728A22AB0747A0080B421 /* RowView.swift */,
				F96728922AB06CD50080B421 /* MenuModel.swift */,
				F967289A2AB073CA0080B421 /* PizzaDetailView.swift */,
				7685DB0A2ADAD9A4005A5532 /* RatingsView.swift */,
				7685DB0C2ADADA5B005A5532 /* RatingsDetailsView.swift */,
				76A9D4782ADB249C00D07978 /* ZoomView.swift */,
				F9AC5B572AB065A000D36D95 /* Assets.xcassets */,
				F9AC5B592AB065A000D36D95 /* Preview Content */,
			);
			path = "HuliPizza Watch App";
			sourceTree = "<group>";
		};
		F9AC5B592AB065A000D36D95 /* Preview Content */ = {
			isa = PBXGroup;
			children = (
				F9AC5B5A2AB065A000D36D95 /* Preview Assets.xcassets */,
			);
			path = "Preview Content";
			sourceTree = "<group>";
		};
/* End PBXGroup section */

/* Begin PBXNativeTarget section */
		E1BB1A6424CF31FB0031E36C /* HuliPizzaMenu */ = {
			isa = PBXNativeTarget;
			buildConfigurationList = E1BB1A7424CF31FC0031E36C /* Build configuration list for PBXNativeTarget "HuliPizzaMenu" */;
			buildPhases = (
				E1BB1A6124CF31FB0031E36C /* Sources */,
				E1BB1A6224CF31FB0031E36C /* Frameworks */,
				E1BB1A6324CF31FB0031E36C /* Resources */,
				F9AC5B5F2AB065A000D36D95 /* Embed Watch Content */,
			);
			buildRules = (
			);
			dependencies = (
				F9AC5B5D2AB065A000D36D95 /* PBXTargetDependency */,
			);
			name = HuliPizzaMenu;
			productName = HuliPizzaMenu;
			productReference = E1BB1A6524CF31FB0031E36C /* HuliPizzaMenu.app */;
			productType = "com.apple.product-type.application";
		};
		F9AC5B502AB0659E00D36D95 /* HuliPizza Watch App */ = {
			isa = PBXNativeTarget;
			buildConfigurationList = F9AC5B622AB065A000D36D95 /* Build configuration list for PBXNativeTarget "HuliPizza Watch App" */;
			buildPhases = (
				F9AC5B4D2AB0659E00D36D95 /* Sources */,
				F9AC5B4E2AB0659E00D36D95 /* Frameworks */,
				F9AC5B4F2AB0659E00D36D95 /* Resources */,
			);
			buildRules = (
			);
			dependencies = (
			);
			name = "HuliPizza Watch App";
			productName = "HuliPizza Watch App";
			productReference = F9AC5B512AB0659E00D36D95 /* HuliPizza Watch App.app */;
			productType = "com.apple.product-type.application";
		};
/* End PBXNativeTarget section */

/* Begin PBXProject section */
		E1BB1A5D24CF31FB0031E36C /* Project object */ = {
			isa = PBXProject;
			attributes = {
				BuildIndependentTargetsInParallel = YES;
				LastSwiftUpdateCheck = 1430;
				LastUpgradeCheck = 1500;
				TargetAttributes = {
					E1BB1A6424CF31FB0031E36C = {
						CreatedOnToolsVersion = 12.0;
					};
					F9AC5B502AB0659E00D36D95 = {
						CreatedOnToolsVersion = 14.3.1;
					};
				};
			};
			buildConfigurationList = E1BB1A6024CF31FB0031E36C /* Build configuration list for PBXProject "HuliPizzaMenu" */;
			compatibilityVersion = "Xcode 14.0";
			developmentRegion = en;
			hasScannedForEncodings = 0;
			knownRegions = (
				en,
				Base,
			);
			mainGroup = E1BB1A5C24CF31FB0031E36C;
			productRefGroup = E1BB1A6624CF31FB0031E36C /* Products */;
			projectDirPath = "";
			projectRoot = "";
			targets = (
				E1BB1A6424CF31FB0031E36C /* HuliPizzaMenu */,
				F9AC5B502AB0659E00D36D95 /* HuliPizza Watch App */,
			);
		};
/* End PBXProject section */

/* Begin PBXResourcesBuildPhase section */
		E1BB1A6324CF31FB0031E36C /* Resources */ = {
			isa = PBXResourcesBuildPhase;
			buildActionMask = 2147483647;
			files = (
				E1BB1A7024CF31FC0031E36C /* Preview Assets.xcassets in Resources */,
				E1BB1A6D24CF31FC0031E36C /* Assets.xcassets in Resources */,
			);
			runOnlyForDeploymentPostprocessing = 0;
		};
		F9AC5B4F2AB0659E00D36D95 /* Resources */ = {
			isa = PBXResourcesBuildPhase;
			buildActionMask = 2147483647;
			files = (
				F9AC5B5B2AB065A000D36D95 /* Preview Assets.xcassets in Resources */,
				763E04972ADAF25500045F3F /* Assets.xcassets in Resources */,
				F9AC5B582AB065A000D36D95 /* Assets.xcassets in Resources */,
			);
			runOnlyForDeploymentPostprocessing = 0;
		};
/* End PBXResourcesBuildPhase section */

/* Begin PBXSourcesBuildPhase section */
		E1BB1A6124CF31FB0031E36C /* Sources */ = {
			isa = PBXSourcesBuildPhase;
			buildActionMask = 2147483647;
			files = (
				F967289E2AB0746F0080B421 /* PizzaOrderView.swift in Sources */,
				F967289F2AB0746F0080B421 /* RowView.swift in Sources */,
				E1BB1A7B24CF322A0031E36C /* MenuModel.swift in Sources */,
				E1BB1A6B24CF31FB0031E36C /* ContentView.swift in Sources */,
				E1BB1A6924CF31FB0031E36C /* HuliPizzaMenuApp.swift in Sources */,
			);
			runOnlyForDeploymentPostprocessing = 0;
		};
		F9AC5B4D2AB0659E00D36D95 /* Sources */ = {
			isa = PBXSourcesBuildPhase;
			buildActionMask = 2147483647;
			files = (
				F967289B2AB073CA0080B421 /* PizzaDetailView.swift in Sources */,
				76A9D4792ADB249C00D07978 /* ZoomView.swift in Sources */,
				7685DB0B2ADAD9A4005A5532 /* RatingsView.swift in Sources */,
				F96728952AB06CD50080B421 /* MenuModel.swift in Sources */,
				F96728A52AB0747A0080B421 /* RowView.swift in Sources */,
				7685DB0D2ADADA5B005A5532 /* RatingsDetailsView.swift in Sources */,
				F9AC5B562AB0659E00D36D95 /* ContentView.swift in Sources */,
				F96728A42AB0747A0080B421 /* PizzaOrderView.swift in Sources */,
				F9AC5B542AB0659E00D36D95 /* HuliPizzaApp.swift in Sources */,
			);
			runOnlyForDeploymentPostprocessing = 0;
		};
/* End PBXSourcesBuildPhase section */

/* Begin PBXTargetDependency section */
		F9AC5B5D2AB065A000D36D95 /* PBXTargetDependency */ = {
			isa = PBXTargetDependency;
			target = F9AC5B502AB0659E00D36D95 /* HuliPizza Watch App */;
			targetProxy = F9AC5B5C2AB065A000D36D95 /* PBXContainerItemProxy */;
		};
/* End PBXTargetDependency section */

/* Begin XCBuildConfiguration section */
		E1BB1A7224CF31FC0031E36C /* Debug */ = {
			isa = XCBuildConfiguration;
			buildSettings = {
				ALWAYS_SEARCH_USER_PATHS = NO;
				ASSETCATALOG_COMPILER_GENERATE_SWIFT_ASSET_SYMBOL_EXTENSIONS = YES;
				CLANG_ANALYZER_NONNULL = YES;
				CLANG_ANALYZER_NUMBER_OBJECT_CONVERSION = YES_AGGRESSIVE;
				CLANG_CXX_LANGUAGE_STANDARD = "gnu++14";
				CLANG_CXX_LIBRARY = "libc++";
				CLANG_ENABLE_MODULES = YES;
				CLANG_ENABLE_OBJC_ARC = YES;
				CLANG_ENABLE_OBJC_WEAK = YES;
				CLANG_WARN_BLOCK_CAPTURE_AUTORELEASING = YES;
				CLANG_WARN_BOOL_CONVERSION = YES;
				CLANG_WARN_COMMA = YES;
				CLANG_WARN_CONSTANT_CONVERSION = YES;
				CLANG_WARN_DEPRECATED_OBJC_IMPLEMENTATIONS = YES;
				CLANG_WARN_DIRECT_OBJC_ISA_USAGE = YES_ERROR;
				CLANG_WARN_DOCUMENTATION_COMMENTS = YES;
				CLANG_WARN_EMPTY_BODY = YES;
				CLANG_WARN_ENUM_CONVERSION = YES;
				CLANG_WARN_INFINITE_RECURSION = YES;
				CLANG_WARN_INT_CONVERSION = YES;
				CLANG_WARN_NON_LITERAL_NULL_CONVERSION = YES;
				CLANG_WARN_OBJC_IMPLICIT_RETAIN_SELF = YES;
				CLANG_WARN_OBJC_LITERAL_CONVERSION = YES;
				CLANG_WARN_OBJC_ROOT_CLASS = YES_ERROR;
				CLANG_WARN_QUOTED_INCLUDE_IN_FRAMEWORK_HEADER = YES;
				CLANG_WARN_RANGE_LOOP_ANALYSIS = YES;
				CLANG_WARN_STRICT_PROTOTYPES = YES;
				CLANG_WARN_SUSPICIOUS_MOVE = YES;
				CLANG_WARN_UNGUARDED_AVAILABILITY = YES_AGGRESSIVE;
				CLANG_WARN_UNREACHABLE_CODE = YES;
				CLANG_WARN__DUPLICATE_METHOD_MATCH = YES;
				COPY_PHASE_STRIP = NO;
				DEBUG_INFORMATION_FORMAT = dwarf;
				ENABLE_STRICT_OBJC_MSGSEND = YES;
				ENABLE_TESTABILITY = YES;
				ENABLE_USER_SCRIPT_SANDBOXING = YES;
				GCC_C_LANGUAGE_STANDARD = gnu11;
				GCC_DYNAMIC_NO_PIC = NO;
				GCC_NO_COMMON_BLOCKS = YES;
				GCC_OPTIMIZATION_LEVEL = 0;
				GCC_PREPROCESSOR_DEFINITIONS = (
					"DEBUG=1",
					"$(inherited)",
				);
				GCC_WARN_64_TO_32_BIT_CONVERSION = YES;
				GCC_WARN_ABOUT_RETURN_TYPE = YES_ERROR;
				GCC_WARN_UNDECLARED_SELECTOR = YES;
				GCC_WARN_UNINITIALIZED_AUTOS = YES_AGGRESSIVE;
				GCC_WARN_UNUSED_FUNCTION = YES;
				GCC_WARN_UNUSED_VARIABLE = YES;
				IPHONEOS_DEPLOYMENT_TARGET = 14.0;
				MTL_ENABLE_DEBUG_INFO = INCLUDE_SOURCE;
				MTL_FAST_MATH = YES;
				ONLY_ACTIVE_ARCH = YES;
				SDKROOT = iphoneos;
				SWIFT_ACTIVE_COMPILATION_CONDITIONS = DEBUG;
				SWIFT_OPTIMIZATION_LEVEL = "-Onone";
			};
			name = Debug;
		};
		E1BB1A7324CF31FC0031E36C /* Release */ = {
			isa = XCBuildConfiguration;
			buildSettings = {
				ALWAYS_SEARCH_USER_PATHS = NO;
				ASSETCATALOG_COMPILER_GENERATE_SWIFT_ASSET_SYMBOL_EXTENSIONS = YES;
				CLANG_ANALYZER_NONNULL = YES;
				CLANG_ANALYZER_NUMBER_OBJECT_CONVERSION = YES_AGGRESSIVE;
				CLANG_CXX_LANGUAGE_STANDARD = "gnu++14";
				CLANG_CXX_LIBRARY = "libc++";
				CLANG_ENABLE_MODULES = YES;
				CLANG_ENABLE_OBJC_ARC = YES;
				CLANG_ENABLE_OBJC_WEAK = YES;
				CLANG_WARN_BLOCK_CAPTURE_AUTORELEASING = YES;
				CLANG_WARN_BOOL_CONVERSION = YES;
				CLANG_WARN_COMMA = YES;
				CLANG_WARN_CONSTANT_CONVERSION = YES;
				CLANG_WARN_DEPRECATED_OBJC_IMPLEMENTATIONS = YES;
				CLANG_WARN_DIRECT_OBJC_ISA_USAGE = YES_ERROR;
				CLANG_WARN_DOCUMENTATION_COMMENTS = YES;
				CLANG_WARN_EMPTY_BODY = YES;
				CLANG_WARN_ENUM_CONVERSION = YES;
				CLANG_WARN_INFINITE_RECURSION = YES;
				CLANG_WARN_INT_CONVERSION = YES;
				CLANG_WARN_NON_LITERAL_NULL_CONVERSION = YES;
				CLANG_WARN_OBJC_IMPLICIT_RETAIN_SELF = YES;
				CLANG_WARN_OBJC_LITERAL_CONVERSION = YES;
				CLANG_WARN_OBJC_ROOT_CLASS = YES_ERROR;
				CLANG_WARN_QUOTED_INCLUDE_IN_FRAMEWORK_HEADER = YES;
				CLANG_WARN_RANGE_LOOP_ANALYSIS = YES;
				CLANG_WARN_STRICT_PROTOTYPES = YES;
				CLANG_WARN_SUSPICIOUS_MOVE = YES;
				CLANG_WARN_UNGUARDED_AVAILABILITY = YES_AGGRESSIVE;
				CLANG_WARN_UNREACHABLE_CODE = YES;
				CLANG_WARN__DUPLICATE_METHOD_MATCH = YES;
				COPY_PHASE_STRIP = NO;
				DEBUG_INFORMATION_FORMAT = "dwarf-with-dsym";
				ENABLE_NS_ASSERTIONS = NO;
				ENABLE_STRICT_OBJC_MSGSEND = YES;
				ENABLE_USER_SCRIPT_SANDBOXING = YES;
				GCC_C_LANGUAGE_STANDARD = gnu11;
				GCC_NO_COMMON_BLOCKS = YES;
				GCC_WARN_64_TO_32_BIT_CONVERSION = YES;
				GCC_WARN_ABOUT_RETURN_TYPE = YES_ERROR;
				GCC_WARN_UNDECLARED_SELECTOR = YES;
				GCC_WARN_UNINITIALIZED_AUTOS = YES_AGGRESSIVE;
				GCC_WARN_UNUSED_FUNCTION = YES;
				GCC_WARN_UNUSED_VARIABLE = YES;
				IPHONEOS_DEPLOYMENT_TARGET = 14.0;
				MTL_ENABLE_DEBUG_INFO = NO;
				MTL_FAST_MATH = YES;
				SDKROOT = iphoneos;
				SWIFT_COMPILATION_MODE = wholemodule;
				SWIFT_OPTIMIZATION_LEVEL = "-O";
				VALIDATE_PRODUCT = YES;
			};
			name = Release;
		};
		E1BB1A7524CF31FC0031E36C /* Debug */ = {
			isa = XCBuildConfiguration;
			buildSettings = {
				ALWAYS_EMBED_SWIFT_STANDARD_LIBRARIES = YES;
				ASSETCATALOG_COMPILER_APPICON_NAME = AppIcon;
				ASSETCATALOG_COMPILER_GLOBAL_ACCENT_COLOR_NAME = AccentColor;
				CODE_SIGN_STYLE = Automatic;
				DEVELOPMENT_ASSET_PATHS = "\"HuliPizzaMenu/Preview Content\"";
				DEVELOPMENT_TEAM = E2D87XL9X7;
				ENABLE_PREVIEWS = YES;
				INFOPLIST_FILE = HuliPizzaMenu/Info.plist;
				IPHONEOS_DEPLOYMENT_TARGET = 14.0;
				LD_RUNPATH_SEARCH_PATHS = (
					"$(inherited)",
					"@executable_path/Frameworks",
				);
				PRODUCT_BUNDLE_IDENTIFIER = com.makeapppie.HuliPizzaMenu;
				PRODUCT_NAME = "$(TARGET_NAME)";
				SWIFT_VERSION = 5.0;
				TARGETED_DEVICE_FAMILY = "1,2";
			};
			name = Debug;
		};
		E1BB1A7624CF31FC0031E36C /* Release */ = {
			isa = XCBuildConfiguration;
			buildSettings = {
				ALWAYS_EMBED_SWIFT_STANDARD_LIBRARIES = YES;
				ASSETCATALOG_COMPILER_APPICON_NAME = AppIcon;
				ASSETCATALOG_COMPILER_GLOBAL_ACCENT_COLOR_NAME = AccentColor;
				CODE_SIGN_STYLE = Automatic;
				DEVELOPMENT_ASSET_PATHS = "\"HuliPizzaMenu/Preview Content\"";
				DEVELOPMENT_TEAM = E2D87XL9X7;
				ENABLE_PREVIEWS = YES;
				INFOPLIST_FILE = HuliPizzaMenu/Info.plist;
				IPHONEOS_DEPLOYMENT_TARGET = 14.0;
				LD_RUNPATH_SEARCH_PATHS = (
					"$(inherited)",
					"@executable_path/Frameworks",
				);
				PRODUCT_BUNDLE_IDENTIFIER = com.makeapppie.HuliPizzaMenu;
				PRODUCT_NAME = "$(TARGET_NAME)";
				SWIFT_VERSION = 5.0;
				TARGETED_DEVICE_FAMILY = "1,2";
			};
			name = Release;
		};
		F9AC5B602AB065A000D36D95 /* Debug */ = {
			isa = XCBuildConfiguration;
			buildSettings = {
				ASSETCATALOG_COMPILER_APPICON_NAME = AppIcon;
				ASSETCATALOG_COMPILER_GLOBAL_ACCENT_COLOR_NAME = AccentColor;
				CLANG_CXX_LANGUAGE_STANDARD = "gnu++20";
				CODE_SIGN_STYLE = Automatic;
				CURRENT_PROJECT_VERSION = 1;
				DEVELOPMENT_ASSET_PATHS = "\"HuliPizza Watch App/Preview Content\"";
				DEVELOPMENT_TEAM = E2D87XL9X7;
				ENABLE_PREVIEWS = YES;
				GENERATE_INFOPLIST_FILE = YES;
				INFOPLIST_KEY_CFBundleDisplayName = HuliPizza;
				INFOPLIST_KEY_UISupportedInterfaceOrientations = "UIInterfaceOrientationPortrait UIInterfaceOrientationPortraitUpsideDown";
				INFOPLIST_KEY_WKCompanionAppBundleIdentifier = com.makeapppie.HuliPizzaMenu;
				LD_RUNPATH_SEARCH_PATHS = (
					"$(inherited)",
					"@executable_path/Frameworks",
				);
				MARKETING_VERSION = 1.0;
				PRODUCT_BUNDLE_IDENTIFIER = com.makeapppie.HuliPizzaMenu.watchkitapp;
				PRODUCT_NAME = "$(TARGET_NAME)";
				SDKROOT = watchos;
				SKIP_INSTALL = YES;
				SWIFT_EMIT_LOC_STRINGS = YES;
				SWIFT_VERSION = 5.0;
				TARGETED_DEVICE_FAMILY = 4;
				WATCHOS_DEPLOYMENT_TARGET = 9.4;
			};
			name = Debug;
		};
		F9AC5B612AB065A000D36D95 /* Release */ = {
			isa = XCBuildConfiguration;
			buildSettings = {
				ASSETCATALOG_COMPILER_APPICON_NAME = AppIcon;
				ASSETCATALOG_COMPILER_GLOBAL_ACCENT_COLOR_NAME = AccentColor;
				CLANG_CXX_LANGUAGE_STANDARD = "gnu++20";
				CODE_SIGN_STYLE = Automatic;
				CURRENT_PROJECT_VERSION = 1;
				DEVELOPMENT_ASSET_PATHS = "\"HuliPizza Watch App/Preview Content\"";
				DEVELOPMENT_TEAM = E2D87XL9X7;
				ENABLE_PREVIEWS = YES;
				GENERATE_INFOPLIST_FILE = YES;
				INFOPLIST_KEY_CFBundleDisplayName = HuliPizza;
				INFOPLIST_KEY_UISupportedInterfaceOrientations = "UIInterfaceOrientationPortrait UIInterfaceOrientationPortraitUpsideDown";
				INFOPLIST_KEY_WKCompanionAppBundleIdentifier = com.makeapppie.HuliPizzaMenu;
				LD_RUNPATH_SEARCH_PATHS = (
					"$(inherited)",
					"@executable_path/Frameworks",
				);
				MARKETING_VERSION = 1.0;
				PRODUCT_BUNDLE_IDENTIFIER = com.makeapppie.HuliPizzaMenu.watchkitapp;
				PRODUCT_NAME = "$(TARGET_NAME)";
				SDKROOT = watchos;
				SKIP_INSTALL = YES;
				SWIFT_EMIT_LOC_STRINGS = YES;
				SWIFT_VERSION = 5.0;
				TARGETED_DEVICE_FAMILY = 4;
				WATCHOS_DEPLOYMENT_TARGET = 9.4;
			};
			name = Release;
		};
/* End XCBuildConfiguration section */

/* Begin XCConfigurationList section */
		E1BB1A6024CF31FB0031E36C /* Build configuration list for PBXProject "HuliPizzaMenu" */ = {
			isa = XCConfigurationList;
			buildConfigurations = (
				E1BB1A7224CF31FC0031E36C /* Debug */,
				E1BB1A7324CF31FC0031E36C /* Release */,
			);
			defaultConfigurationIsVisible = 0;
			defaultConfigurationName = Release;
		};
		E1BB1A7424CF31FC0031E36C /* Build configuration list for PBXNativeTarget "HuliPizzaMenu" */ = {
			isa = XCConfigurationList;
			buildConfigurations = (
				E1BB1A7524CF31FC0031E36C /* Debug */,
				E1BB1A7624CF31FC0031E36C /* Release */,
			);
			defaultConfigurationIsVisible = 0;
			defaultConfigurationName = Release;
		};
		F9AC5B622AB065A000D36D95 /* Build configuration list for PBXNativeTarget "HuliPizza Watch App" */ = {
			isa = XCConfigurationList;
			buildConfigurations = (
				F9AC5B602AB065A000D36D95 /* Debug */,
				F9AC5B612AB065A000D36D95 /* Release */,
			);
			defaultConfigurationIsVisible = 0;
			defaultConfigurationName = Release;
		};
/* End XCConfigurationList section */
	};
	rootObject = E1BB1A5D24CF31FB0031E36C /* Project object */;
}
